
Microsoft Visual Studio Solution File, Format Version 12.00
# Visual Studio Version 16
VisualStudioVersion = 16.0.29102.190
MinimumVisualStudioVersion = 10.0.40219.1
Project("{FAE04EC0-301F-11D3-BF4B-00C04F79EFBC}") = "UTClock", "UTClock.csproj", "{1EB8DD68-459C-4933-BE2F-F653045171F1}"
EndProject
Global
	GlobalSection(SolutionConfigurationPlatforms) = preSolution
		Debug|Any CPU = Debug|Any CPU
		Release|Any CPU = Release|Any CPU
	EndGlobalSection
	GlobalSection(ProjectConfigurationPlatforms) = postSolution
		{1EB8DD68-459C-4933-BE2F-F653045171F1}.Debug|Any CPU.ActiveCfg = Debug|Any CPU
		{1EB8DD68-459C-4933-BE2F-F653045171F1}.Debug|Any CPU.Build.0 = Debug|Any CPU
		{1EB8DD68-459C-4933-BE2F-F653045171F1}.Release|Any CPU.ActiveCfg = Release|Any CPU
		{1EB8DD68-459C-4933-BE2F-F653045171F1}.Release|Any CPU.Build.0 = Release|Any CPU
	EndGlobalSection
	GlobalSection(SolutionProperties) = preSolution
		HideSolutionNode = FALSE
	EndGlobalSection
	GlobalSection(ExtensibilityGlobals) = postSolution
		SolutionGuid = {61F5D33D-B2CE-4CAA-B2D9-35019215237D}
	EndGlobalSection
EndGlobal
